
Microsoft Visual Studio Solution File, Format Version 12.00
# Visual Studio Version 16
VisualStudioVersion = 16.0.29709.97
MinimumVisualStudioVersion = 10.0.40219.1
Project("{F184B08F-C81C-45F6-A57F-5ABD9991F28F}") = "Modul01_HelloWorld", "HelloWorld\Modul01_HelloWorld.vbproj", "{4D9A90A9-9533-47A9-BBC3-9D4549C0C51A}"
EndProject
Project("{F184B08F-C81C-45F6-A57F-5ABD9991F28F}") = "Lab01_MiniRechner", "MiniRechner\Lab01_MiniRechner.vbproj", "{81D3233B-9894-4433-A073-77F2A1E37C16}"
EndProject
Project("{F184B08F-C81C-45F6-A57F-5ABD9991F28F}") = "Modul02.1_Kontrollstrukturen", "Kontrollstruckturen\Modul02.1_Kontrollstrukturen.vbproj", "{11B386C2-CE60-4E38-B659-2B83700955D7}"
EndProject
Project("{F184B08F-C81C-45F6-A57F-5ABD9991F28F}") = "Modul02.2_Zufallszahlenraten", "Zufallszahlenraten\Modul02.2_Zufallszahlenraten.vbproj", "{14FF0714-9B52-496A-85F6-12A89B831AC8}"
EndProject
Project("{F184B08F-C81C-45F6-A57F-5ABD9991F28F}") = "Lab02_Lotto", "Lotto\Lab02_Lotto.vbproj", "{7236E718-71C4-4885-96F2-6D9F6E63ACB3}"
EndProject
Project("{F184B08F-C81C-45F6-A57F-5ABD9991F28F}") = "Modul03.1_Enumeratoren", "Enumertoren\Modul03.1_Enumeratoren.vbproj", "{3165D00D-916C-478B-8CE2-319BB4C00094}"
EndProject
Project("{F184B08F-C81C-45F6-A57F-5ABD9991F28F}") = "Modul03.2_Methoden", "Methoden\Modul03.2_Methoden.vbproj", "{7C0C74C2-1E75-470A-9DA3-E9A7B5E29A60}"
EndProject
Project("{F184B08F-C81C-45F6-A57F-5ABD9991F28F}") = "Lab03_Taschenrechner", "Taschenrechner\Lab03_Taschenrechner.vbproj", "{75C8376D-B540-42E5-938A-5F74CCB6E58E}"
EndProject
Project("{F184B08F-C81C-45F6-A57F-5ABD9991F28F}") = "Modul04.1f_Fahrzeugpark", "Fahrzeugpark\Modul04.1f_Fahrzeugpark.vbproj", "{C9377F9B-CE69-45DE-8766-6F9E010742AC}"
EndProject
Project("{F184B08F-C81C-45F6-A57F-5ABD9991F28F}") = "Modul04.2f_TesteFahrzeugpark", "TesteFahrzeugpark\Modul04.2f_TesteFahrzeugpark.vbproj", "{A3647F98-AA70-416E-8C06-69BFC49D8C10}"
EndProject
Project("{F184B08F-C81C-45F6-A57F-5ABD9991F28F}") = "Wdh_Polymorphismus", "Wdh_Polymorphismus\Wdh_Polymorphismus.vbproj", "{FE6FF67C-0CF2-4FB8-90DB-8E5E0673057B}"
EndProject
Project("{F184B08F-C81C-45F6-A57F-5ABD9991F28F}") = "Modul08_ExceptionHandling", "ExceptionHandling\Modul08_ExceptionHandling.vbproj", "{B695AB05-7E1D-44F2-96D5-C59DA919BD3D}"
EndProject
Project("{F184B08F-C81C-45F6-A57F-5ABD9991F28F}") = "Modul08_FahrzeugparkTest", "PKWTest\Modul08_FahrzeugparkTest.vbproj", "{4792831B-8DDC-4C0F-8A79-DD62D1797EAE}"
EndProject
Project("{F184B08F-C81C-45F6-A57F-5ABD9991F28F}") = "Modul09_WinFormsBsp", "WinFormsBsp\Modul09_WinFormsBsp.vbproj", "{351FC952-31E8-4855-89C5-6DFDC38944B3}"
EndProject
Project("{F184B08F-C81C-45F6-A57F-5ABD9991F28F}") = "Modul10_SpeichernUndLaden", "SpeichernUndLaden\Modul10_SpeichernUndLaden.vbproj", "{7E6853C4-ADAA-4669-A86D-A657197D53AF}"
EndProject
Global
	GlobalSection(SolutionConfigurationPlatforms) = preSolution
		Debug|Any CPU = Debug|Any CPU
		Release|Any CPU = Release|Any CPU
	EndGlobalSection
	GlobalSection(ProjectConfigurationPlatforms) = postSolution
		{4D9A90A9-9533-47A9-BBC3-9D4549C0C51A}.Debug|Any CPU.ActiveCfg = Debug|Any CPU
		{4D9A90A9-9533-47A9-BBC3-9D4549C0C51A}.Debug|Any CPU.Build.0 = Debug|Any CPU
		{4D9A90A9-9533-47A9-BBC3-9D4549C0C51A}.Release|Any CPU.ActiveCfg = Release|Any CPU
		{4D9A90A9-9533-47A9-BBC3-9D4549C0C51A}.Release|Any CPU.Build.0 = Release|Any CPU
		{81D3233B-9894-4433-A073-77F2A1E37C16}.Debug|Any CPU.ActiveCfg = Debug|Any CPU
		{81D3233B-9894-4433-A073-77F2A1E37C16}.Debug|Any CPU.Build.0 = Debug|Any CPU
		{81D3233B-9894-4433-A073-77F2A1E37C16}.Release|Any CPU.ActiveCfg = Release|Any CPU
		{81D3233B-9894-4433-A073-77F2A1E37C16}.Release|Any CPU.Build.0 = Release|Any CPU
		{11B386C2-CE60-4E38-B659-2B83700955D7}.Debug|Any CPU.ActiveCfg = Debug|Any CPU
		{11B386C2-CE60-4E38-B659-2B83700955D7}.Debug|Any CPU.Build.0 = Debug|Any CPU
		{11B386C2-CE60-4E38-B659-2B83700955D7}.Release|Any CPU.ActiveCfg = Release|Any CPU
		{11B386C2-CE60-4E38-B659-2B83700955D7}.Release|Any CPU.Build.0 = Release|Any CPU
		{14FF0714-9B52-496A-85F6-12A89B831AC8}.Debug|Any CPU.ActiveCfg = Debug|Any CPU
		{14FF0714-9B52-496A-85F6-12A89B831AC8}.Debug|Any CPU.Build.0 = Debug|Any CPU
		{14FF0714-9B52-496A-85F6-12A89B831AC8}.Release|Any CPU.ActiveCfg = Release|Any CPU
		{14FF0714-9B52-496A-85F6-12A89B831AC8}.Release|Any CPU.Build.0 = Release|Any CPU
		{7236E718-71C4-4885-96F2-6D9F6E63ACB3}.Debug|Any CPU.ActiveCfg = Debug|Any CPU
		{7236E718-71C4-4885-96F2-6D9F6E63ACB3}.Debug|Any CPU.Build.0 = Debug|Any CPU
		{7236E718-71C4-4885-96F2-6D9F6E63ACB3}.Release|Any CPU.ActiveCfg = Release|Any CPU
		{7236E718-71C4-4885-96F2-6D9F6E63ACB3}.Release|Any CPU.Build.0 = Release|Any CPU
		{3165D00D-916C-478B-8CE2-319BB4C00094}.Debug|Any CPU.ActiveCfg = Debug|Any CPU
		{3165D00D-916C-478B-8CE2-319BB4C00094}.Debug|Any CPU.Build.0 = Debug|Any CPU
		{3165D00D-916C-478B-8CE2-319BB4C00094}.Release|Any CPU.ActiveCfg = Release|Any CPU
		{3165D00D-916C-478B-8CE2-319BB4C00094}.Release|Any CPU.Build.0 = Release|Any CPU
		{7C0C74C2-1E75-470A-9DA3-E9A7B5E29A60}.Debug|Any CPU.ActiveCfg = Debug|Any CPU
		{7C0C74C2-1E75-470A-9DA3-E9A7B5E29A60}.Debug|Any CPU.Build.0 = Debug|Any CPU
		{7C0C74C2-1E75-470A-9DA3-E9A7B5E29A60}.Release|Any CPU.ActiveCfg = Release|Any CPU
		{7C0C74C2-1E75-470A-9DA3-E9A7B5E29A60}.Release|Any CPU.Build.0 = Release|Any CPU
		{75C8376D-B540-42E5-938A-5F74CCB6E58E}.Debug|Any CPU.ActiveCfg = Debug|Any CPU
		{75C8376D-B540-42E5-938A-5F74CCB6E58E}.Debug|Any CPU.Build.0 = Debug|Any CPU
		{75C8376D-B540-42E5-938A-5F74CCB6E58E}.Release|Any CPU.ActiveCfg = Release|Any CPU
		{75C8376D-B540-42E5-938A-5F74CCB6E58E}.Release|Any CPU.Build.0 = Release|Any CPU
		{C9377F9B-CE69-45DE-8766-6F9E010742AC}.Debug|Any CPU.ActiveCfg = Debug|Any CPU
		{C9377F9B-CE69-45DE-8766-6F9E010742AC}.Debug|Any CPU.Build.0 = Debug|Any CPU
		{C9377F9B-CE69-45DE-8766-6F9E010742AC}.Release|Any CPU.ActiveCfg = Release|Any CPU
		{C9377F9B-CE69-45DE-8766-6F9E010742AC}.Release|Any CPU.Build.0 = Release|Any CPU
		{A3647F98-AA70-416E-8C06-69BFC49D8C10}.Debug|Any CPU.ActiveCfg = Debug|Any CPU
		{A3647F98-AA70-416E-8C06-69BFC49D8C10}.Debug|Any CPU.Build.0 = Debug|Any CPU
		{A3647F98-AA70-416E-8C06-69BFC49D8C10}.Release|Any CPU.ActiveCfg = Release|Any CPU
		{A3647F98-AA70-416E-8C06-69BFC49D8C10}.Release|Any CPU.Build.0 = Release|Any CPU
		{FE6FF67C-0CF2-4FB8-90DB-8E5E0673057B}.Debug|Any CPU.ActiveCfg = Debug|Any CPU
		{FE6FF67C-0CF2-4FB8-90DB-8E5E0673057B}.Debug|Any CPU.Build.0 = Debug|Any CPU
		{FE6FF67C-0CF2-4FB8-90DB-8E5E0673057B}.Release|Any CPU.ActiveCfg = Release|Any CPU
		{FE6FF67C-0CF2-4FB8-90DB-8E5E0673057B}.Release|Any CPU.Build.0 = Release|Any CPU
		{B695AB05-7E1D-44F2-96D5-C59DA919BD3D}.Debug|Any CPU.ActiveCfg = Debug|Any CPU
		{B695AB05-7E1D-44F2-96D5-C59DA919BD3D}.Debug|Any CPU.Build.0 = Debug|Any CPU
		{B695AB05-7E1D-44F2-96D5-C59DA919BD3D}.Release|Any CPU.ActiveCfg = Release|Any CPU
		{B695AB05-7E1D-44F2-96D5-C59DA919BD3D}.Release|Any CPU.Build.0 = Release|Any CPU
		{4792831B-8DDC-4C0F-8A79-DD62D1797EAE}.Debug|Any CPU.ActiveCfg = Debug|Any CPU
		{4792831B-8DDC-4C0F-8A79-DD62D1797EAE}.Debug|Any CPU.Build.0 = Debug|Any CPU
		{4792831B-8DDC-4C0F-8A79-DD62D1797EAE}.Release|Any CPU.ActiveCfg = Release|Any CPU
		{4792831B-8DDC-4C0F-8A79-DD62D1797EAE}.Release|Any CPU.Build.0 = Release|Any CPU
		{351FC952-31E8-4855-89C5-6DFDC38944B3}.Debug|Any CPU.ActiveCfg = Debug|Any CPU
		{351FC952-31E8-4855-89C5-6DFDC38944B3}.Debug|Any CPU.Build.0 = Debug|Any CPU
		{351FC952-31E8-4855-89C5-6DFDC38944B3}.Release|Any CPU.ActiveCfg = Release|Any CPU
		{351FC952-31E8-4855-89C5-6DFDC38944B3}.Release|Any CPU.Build.0 = Release|Any CPU
		{7E6853C4-ADAA-4669-A86D-A657197D53AF}.Debug|Any CPU.ActiveCfg = Debug|Any CPU
		{7E6853C4-ADAA-4669-A86D-A657197D53AF}.Debug|Any CPU.Build.0 = Debug|Any CPU
		{7E6853C4-ADAA-4669-A86D-A657197D53AF}.Release|Any CPU.ActiveCfg = Release|Any CPU
		{7E6853C4-ADAA-4669-A86D-A657197D53AF}.Release|Any CPU.Build.0 = Release|Any CPU
	EndGlobalSection
	GlobalSection(SolutionProperties) = preSolution
		HideSolutionNode = FALSE
	EndGlobalSection
	GlobalSection(ExtensibilityGlobals) = postSolution
		SolutionGuid = {DC70C871-3AD4-4490-B721-4AEBF733D1B2}
	EndGlobalSection
EndGlobal
