
Microsoft Visual Studio Solution File, Format Version 12.00
# Visual Studio Version 16
VisualStudioVersion = 16.0.29709.97
MinimumVisualStudioVersion = 10.0.40219.1
Project("{F184B08F-C81C-45F6-A57F-5ABD9991F28F}") = "Modul01_HelloWorld", "HelloWorld\Modul01_HelloWorld.vbproj", "{4D9A90A9-9533-47A9-BBC3-9D4549C0C51A}"
EndProject
Project("{F184B08F-C81C-45F6-A57F-5ABD9991F28F}") = "Lab01_MiniRechner", "MiniRechner\Lab01_MiniRechner.vbproj", "{81D3233B-9894-4433-A073-77F2A1E37C16}"
EndProject
Project("{F184B08F-C81C-45F6-A57F-5ABD9991F28F}") = "Modul02.1_Kontrollstrukturen", "Kontrollstruckturen\Modul02.1_Kontrollstrukturen.vbproj", "{11B386C2-CE60-4E38-B659-2B83700955D7}"
EndProject
Project("{F184B08F-C81C-45F6-A57F-5ABD9991F28F}") = "Modul02.2_Zufallszahlenraten", "Zufallszahlenraten\Modul02.2_Zufallszahlenraten.vbproj", "{14FF0714-9B52-496A-85F6-12A89B831AC8}"
EndProject
Project("{F184B08F-C81C-45F6-A57F-5ABD9991F28F}") = "Lab02_Lotto", "Lotto\Lab02_Lotto.vbproj", "{7236E718-71C4-4885-96F2-6D9F6E63ACB3}"
EndProject
Project("{F184B08F-C81C-45F6-A57F-5ABD9991F28F}") = "Modul03.1_Enumeratoren", "Enumertoren\Modul03.1_Enumeratoren.vbproj", "{3165D00D-916C-478B-8CE2-319BB4C00094}"
EndProject
Project("{F184B08F-C81C-45F6-A57F-5ABD9991F28F}") = "Modul03.2_Methoden", "Methoden\Modul03.2_Methoden.vbproj", "{7C0C74C2-1E75-470A-9DA3-E9A7B5E29A60}"
EndProject
Global
	GlobalSection(SolutionConfigurationPlatforms) = preSolution
		Debug|Any CPU = Debug|Any CPU
		Release|Any CPU = Release|Any CPU
	EndGlobalSection
	GlobalSection(ProjectConfigurationPlatforms) = postSolution
		{4D9A90A9-9533-47A9-BBC3-9D4549C0C51A}.Debug|Any CPU.ActiveCfg = Debug|Any CPU
		{4D9A90A9-9533-47A9-BBC3-9D4549C0C51A}.Debug|Any CPU.Build.0 = Debug|Any CPU
		{4D9A90A9-9533-47A9-BBC3-9D4549C0C51A}.Release|Any CPU.ActiveCfg = Release|Any CPU
		{4D9A90A9-9533-47A9-BBC3-9D4549C0C51A}.Release|Any CPU.Build.0 = Release|Any CPU
		{81D3233B-9894-4433-A073-77F2A1E37C16}.Debug|Any CPU.ActiveCfg = Debug|Any CPU
		{81D3233B-9894-4433-A073-77F2A1E37C16}.Debug|Any CPU.Build.0 = Debug|Any CPU
		{81D3233B-9894-4433-A073-77F2A1E37C16}.Release|Any CPU.ActiveCfg = Release|Any CPU
		{81D3233B-9894-4433-A073-77F2A1E37C16}.Release|Any CPU.Build.0 = Release|Any CPU
		{11B386C2-CE60-4E38-B659-2B83700955D7}.Debug|Any CPU.ActiveCfg = Debug|Any CPU
		{11B386C2-CE60-4E38-B659-2B83700955D7}.Debug|Any CPU.Build.0 = Debug|Any CPU
		{11B386C2-CE60-4E38-B659-2B83700955D7}.Release|Any CPU.ActiveCfg = Release|Any CPU
		{11B386C2-CE60-4E38-B659-2B83700955D7}.Release|Any CPU.Build.0 = Release|Any CPU
		{14FF0714-9B52-496A-85F6-12A89B831AC8}.Debug|Any CPU.ActiveCfg = Debug|Any CPU
		{14FF0714-9B52-496A-85F6-12A89B831AC8}.Debug|Any CPU.Build.0 = Debug|Any CPU
		{14FF0714-9B52-496A-85F6-12A89B831AC8}.Release|Any CPU.ActiveCfg = Release|Any CPU
		{14FF0714-9B52-496A-85F6-12A89B831AC8}.Release|Any CPU.Build.0 = Release|Any CPU
		{7236E718-71C4-4885-96F2-6D9F6E63ACB3}.Debug|Any CPU.ActiveCfg = Debug|Any CPU
		{7236E718-71C4-4885-96F2-6D9F6E63ACB3}.Debug|Any CPU.Build.0 = Debug|Any CPU
		{7236E718-71C4-4885-96F2-6D9F6E63ACB3}.Release|Any CPU.ActiveCfg = Release|Any CPU
		{7236E718-71C4-4885-96F2-6D9F6E63ACB3}.Release|Any CPU.Build.0 = Release|Any CPU
		{3165D00D-916C-478B-8CE2-319BB4C00094}.Debug|Any CPU.ActiveCfg = Debug|Any CPU
		{3165D00D-916C-478B-8CE2-319BB4C00094}.Debug|Any CPU.Build.0 = Debug|Any CPU
		{3165D00D-916C-478B-8CE2-319BB4C00094}.Release|Any CPU.ActiveCfg = Release|Any CPU
		{3165D00D-916C-478B-8CE2-319BB4C00094}.Release|Any CPU.Build.0 = Release|Any CPU
		{7C0C74C2-1E75-470A-9DA3-E9A7B5E29A60}.Debug|Any CPU.ActiveCfg = Debug|Any CPU
		{7C0C74C2-1E75-470A-9DA3-E9A7B5E29A60}.Debug|Any CPU.Build.0 = Debug|Any CPU
		{7C0C74C2-1E75-470A-9DA3-E9A7B5E29A60}.Release|Any CPU.ActiveCfg = Release|Any CPU
		{7C0C74C2-1E75-470A-9DA3-E9A7B5E29A60}.Release|Any CPU.Build.0 = Release|Any CPU
	EndGlobalSection
	GlobalSection(SolutionProperties) = preSolution
		HideSolutionNode = FALSE
	EndGlobalSection
	GlobalSection(ExtensibilityGlobals) = postSolution
		SolutionGuid = {DC70C871-3AD4-4490-B721-4AEBF733D1B2}
	EndGlobalSection
EndGlobal
